
Microsoft Visual Studio Solution File, Format Version 12.00
# Visual Studio Version 17
VisualStudioVersion = 17.6.33723.286
MinimumVisualStudioVersion = 10.0.40219.1
Project("{FAE04EC0-301F-11D3-BF4B-00C04F79EFBC}") = "DoublePendulum", "DoublePendulum\DoublePendulum.csproj", "{97003E4B-1E5C-4796-84C6-E8F3C2847A9B}"
EndProject
Global
	GlobalSection(SolutionConfigurationPlatforms) = preSolution
		Debug|Any CPU = Debug|Any CPU
		Release|Any CPU = Release|Any CPU
	EndGlobalSection
	GlobalSection(ProjectConfigurationPlatforms) = postSolution
		{97003E4B-1E5C-4796-84C6-E8F3C2847A9B}.Debug|Any CPU.ActiveCfg = Debug|Any CPU
		{97003E4B-1E5C-4796-84C6-E8F3C2847A9B}.Debug|Any CPU.Build.0 = Debug|Any CPU
		{97003E4B-1E5C-4796-84C6-E8F3C2847A9B}.Release|Any CPU.ActiveCfg = Release|Any CPU
		{97003E4B-1E5C-4796-84C6-E8F3C2847A9B}.Release|Any CPU.Build.0 = Release|Any CPU
	EndGlobalSection
	GlobalSection(SolutionProperties) = preSolution
		HideSolutionNode = FALSE
	EndGlobalSection
	GlobalSection(ExtensibilityGlobals) = postSolution
		SolutionGuid = {860E7E3B-23F2-4DF9-A168-9DCCCBF8C3F7}
	EndGlobalSection
EndGlobal
